// !$*UTF8*$!
{
	archiveVersion = 1;
	classes = {
	};
	objectVersion = 52;
	objects = {

/* Begin PBXBuildFile section */
		235B16CC25C9D80900526FA3 /* KeyboardHeightHelper.swift in Sources */ = {isa = PBXBuildFile; fileRef = 235B16CB25C9D80900526FA3 /* KeyboardHeightHelper.swift */; };
		235B16CF25C9D94700526FA3 /* BaseView.swift in Sources */ = {isa = PBXBuildFile; fileRef = 235B16CE25C9D94700526FA3 /* BaseView.swift */; };
		2376BB7E2442371D00E0FD5D /* ViewExtensions.swift in Sources */ = {isa = PBXBuildFile; fileRef = 2376BB7D2442371D00E0FD5D /* ViewExtensions.swift */; };
		2376BB802442390600E0FD5D /* TestView.swift in Sources */ = {isa = PBXBuildFile; fileRef = 2376BB7F2442390600E0FD5D /* TestView.swift */; };
		2376BB862442406000E0FD5D /* DateExtensions.swift in Sources */ = {isa = PBXBuildFile; fileRef = 2376BB852442406000E0FD5D /* DateExtensions.swift */; };
		2382F7742442A26B00966806 /* CommandPaletteView.swift in Sources */ = {isa = PBXBuildFile; fileRef = 2382F7732442A26B00966806 /* CommandPaletteView.swift */; };
		2382F7762443887000966806 /* Config.swift in Sources */ = {isa = PBXBuildFile; fileRef = 2382F7752443886F00966806 /* Config.swift */; };
		23FB84A7242FD1510099B156 /* AppDelegate.swift in Sources */ = {isa = PBXBuildFile; fileRef = 23FB84A6242FD1510099B156 /* AppDelegate.swift */; };
		23FB84A9242FD1510099B156 /* SceneDelegate.swift in Sources */ = {isa = PBXBuildFile; fileRef = 23FB84A8242FD1510099B156 /* SceneDelegate.swift */; };
		23FB84AB242FD1510099B156 /* ConversationView.swift in Sources */ = {isa = PBXBuildFile; fileRef = 23FB84AA242FD1510099B156 /* ConversationView.swift */; };
		23FB84AD242FD1550099B156 /* Assets.xcassets in Resources */ = {isa = PBXBuildFile; fileRef = 23FB84AC242FD1550099B156 /* Assets.xcassets */; };
		23FB84B0242FD1550099B156 /* Preview Assets.xcassets in Resources */ = {isa = PBXBuildFile; fileRef = 23FB84AF242FD1550099B156 /* Preview Assets.xcassets */; };
		23FB84B3242FD1550099B156 /* LaunchScreen.storyboard in Resources */ = {isa = PBXBuildFile; fileRef = 23FB84B1242FD1550099B156 /* LaunchScreen.storyboard */; };
		23FB84BB242FD1950099B156 /* ConversationInputView.swift in Sources */ = {isa = PBXBuildFile; fileRef = 23FB84BA242FD1950099B156 /* ConversationInputView.swift */; };
		23FB84C024300D5D0099B156 /* Notes.xcdatamodeld in Sources */ = {isa = PBXBuildFile; fileRef = 23FB84BE24300D5C0099B156 /* Notes.xcdatamodeld */; };
		23FB84C524303CAE0099B156 /* CJState.swift in Sources */ = {isa = PBXBuildFile; fileRef = 23FB84C424303CAE0099B156 /* CJState.swift */; };
		23FB84C7243909660099B156 /* TextView.swift in Sources */ = {isa = PBXBuildFile; fileRef = 23FB84C6243909660099B156 /* TextView.swift */; };
		23FB84C924390BC90099B156 /* MessagesView.swift in Sources */ = {isa = PBXBuildFile; fileRef = 23FB84C824390BC90099B156 /* MessagesView.swift */; };
		23FB84CB24390BF80099B156 /* NoteView.swift in Sources */ = {isa = PBXBuildFile; fileRef = 23FB84CA24390BF80099B156 /* NoteView.swift */; };
		23FB84CD243912630099B156 /* DateDividerView.swift in Sources */ = {isa = PBXBuildFile; fileRef = 23FB84CC243912630099B156 /* DateDividerView.swift */; };
		23FB84CF243929970099B156 /* Note.swift in Sources */ = {isa = PBXBuildFile; fileRef = 23FB84CE243929970099B156 /* Note.swift */; };
		BB4B90A924AA74CE008EF8F3 /* MessageView.swift in Sources */ = {isa = PBXBuildFile; fileRef = BB4B90A824AA74CE008EF8F3 /* MessageView.swift */; };
		BBC9A0CC24FAED8600ACDB9D /* Streamable in Frameworks */ = {isa = PBXBuildFile; productRef = BBC9A0CB24FAED8600ACDB9D /* Streamable */; };
		BBEE9F2A24ABBE9900ACA981 /* KeyboardAwareModifier.swift in Sources */ = {isa = PBXBuildFile; fileRef = BBEE9F2924ABBE9900ACA981 /* KeyboardAwareModifier.swift */; };
/* End PBXBuildFile section */

/* Begin PBXFileReference section */
		235B16CB25C9D80900526FA3 /* KeyboardHeightHelper.swift */ = {isa = PBXFileReference; lastKnownFileType = sourcecode.swift; path = KeyboardHeightHelper.swift; sourceTree = "<group>"; };
		235B16CE25C9D94700526FA3 /* BaseView.swift */ = {isa = PBXFileReference; lastKnownFileType = sourcecode.swift; path = BaseView.swift; sourceTree = "<group>"; };
		2376BB7D2442371D00E0FD5D /* ViewExtensions.swift */ = {isa = PBXFileReference; lastKnownFileType = sourcecode.swift; path = ViewExtensions.swift; sourceTree = "<group>"; };
		2376BB7F2442390600E0FD5D /* TestView.swift */ = {isa = PBXFileReference; lastKnownFileType = sourcecode.swift; path = TestView.swift; sourceTree = "<group>"; };
		2376BB852442406000E0FD5D /* DateExtensions.swift */ = {isa = PBXFileReference; lastKnownFileType = sourcecode.swift; path = DateExtensions.swift; sourceTree = "<group>"; };
		2382F7732442A26B00966806 /* CommandPaletteView.swift */ = {isa = PBXFileReference; lastKnownFileType = sourcecode.swift; path = CommandPaletteView.swift; sourceTree = "<group>"; };
		2382F7752443886F00966806 /* Config.swift */ = {isa = PBXFileReference; lastKnownFileType = sourcecode.swift; path = Config.swift; sourceTree = "<group>"; };
		23FB84A3242FD1510099B156 /* cjplay.app */ = {isa = PBXFileReference; explicitFileType = wrapper.application; includeInIndex = 0; path = cjplay.app; sourceTree = BUILT_PRODUCTS_DIR; };
		23FB84A6242FD1510099B156 /* AppDelegate.swift */ = {isa = PBXFileReference; lastKnownFileType = sourcecode.swift; path = AppDelegate.swift; sourceTree = "<group>"; };
		23FB84A8242FD1510099B156 /* SceneDelegate.swift */ = {isa = PBXFileReference; lastKnownFileType = sourcecode.swift; path = SceneDelegate.swift; sourceTree = "<group>"; };
		23FB84AA242FD1510099B156 /* ConversationView.swift */ = {isa = PBXFileReference; lastKnownFileType = sourcecode.swift; path = ConversationView.swift; sourceTree = "<group>"; };
		23FB84AC242FD1550099B156 /* Assets.xcassets */ = {isa = PBXFileReference; lastKnownFileType = folder.assetcatalog; path = Assets.xcassets; sourceTree = "<group>"; };
		23FB84AF242FD1550099B156 /* Preview Assets.xcassets */ = {isa = PBXFileReference; lastKnownFileType = folder.assetcatalog; path = "Preview Assets.xcassets"; sourceTree = "<group>"; };
		23FB84B2242FD1550099B156 /* Base */ = {isa = PBXFileReference; lastKnownFileType = file.storyboard; name = Base; path = Base.lproj/LaunchScreen.storyboard; sourceTree = "<group>"; };
		23FB84B4242FD1550099B156 /* Info.plist */ = {isa = PBXFileReference; lastKnownFileType = text.plist.xml; path = Info.plist; sourceTree = "<group>"; };
		23FB84BA242FD1950099B156 /* ConversationInputView.swift */ = {isa = PBXFileReference; lastKnownFileType = sourcecode.swift; path = ConversationInputView.swift; sourceTree = "<group>"; };
		23FB84BF24300D5D0099B156 /* Notes.xcdatamodel */ = {isa = PBXFileReference; lastKnownFileType = wrapper.xcdatamodel; path = Notes.xcdatamodel; sourceTree = "<group>"; };
		23FB84C424303CAE0099B156 /* CJState.swift */ = {isa = PBXFileReference; lastKnownFileType = sourcecode.swift; path = CJState.swift; sourceTree = "<group>"; };
		23FB84C6243909660099B156 /* TextView.swift */ = {isa = PBXFileReference; lastKnownFileType = sourcecode.swift; path = TextView.swift; sourceTree = "<group>"; };
		23FB84C824390BC90099B156 /* MessagesView.swift */ = {isa = PBXFileReference; lastKnownFileType = sourcecode.swift; path = MessagesView.swift; sourceTree = "<group>"; };
		23FB84CA24390BF80099B156 /* NoteView.swift */ = {isa = PBXFileReference; lastKnownFileType = sourcecode.swift; path = NoteView.swift; sourceTree = "<group>"; };
		23FB84CC243912630099B156 /* DateDividerView.swift */ = {isa = PBXFileReference; lastKnownFileType = sourcecode.swift; path = DateDividerView.swift; sourceTree = "<group>"; };
		23FB84CE243929970099B156 /* Note.swift */ = {isa = PBXFileReference; lastKnownFileType = sourcecode.swift; path = Note.swift; sourceTree = "<group>"; };
		BB4B90A824AA74CE008EF8F3 /* MessageView.swift */ = {isa = PBXFileReference; lastKnownFileType = sourcecode.swift; path = MessageView.swift; sourceTree = "<group>"; };
		BBEE9F2924ABBE9900ACA981 /* KeyboardAwareModifier.swift */ = {isa = PBXFileReference; lastKnownFileType = sourcecode.swift; path = KeyboardAwareModifier.swift; sourceTree = "<group>"; };
/* End PBXFileReference section */

/* Begin PBXFrameworksBuildPhase section */
		23FB84A0242FD1510099B156 /* Frameworks */ = {
			isa = PBXFrameworksBuildPhase;
			buildActionMask = 2147483647;
			files = (
				BBC9A0CC24FAED8600ACDB9D /* Streamable in Frameworks */,
			);
			runOnlyForDeploymentPostprocessing = 0;
		};
/* End PBXFrameworksBuildPhase section */

/* Begin PBXGroup section */
		2376BB7B2442365400E0FD5D /* Views */ = {
			isa = PBXGroup;
			children = (
				23FB84BA242FD1950099B156 /* ConversationInputView.swift */,
				23FB84CA24390BF80099B156 /* NoteView.swift */,
				23FB84C824390BC90099B156 /* MessagesView.swift */,
				BB4B90A824AA74CE008EF8F3 /* MessageView.swift */,
				23FB84AA242FD1510099B156 /* ConversationView.swift */,
				2382F7732442A26B00966806 /* CommandPaletteView.swift */,
				2376BB7C2442366C00E0FD5D /* Helper */,
				2376BB7F2442390600E0FD5D /* TestView.swift */,
				235B16CE25C9D94700526FA3 /* BaseView.swift */,
			);
			path = Views;
			sourceTree = "<group>";
		};
		2376BB7C2442366C00E0FD5D /* Helper */ = {
			isa = PBXGroup;
			children = (
				BBEE9F2924ABBE9900ACA981 /* KeyboardAwareModifier.swift */,
				23FB84C6243909660099B156 /* TextView.swift */,
				23FB84CC243912630099B156 /* DateDividerView.swift */,
				2376BB7D2442371D00E0FD5D /* ViewExtensions.swift */,
				2376BB852442406000E0FD5D /* DateExtensions.swift */,
			);
			path = Helper;
			sourceTree = "<group>";
		};
		23FB849A242FD1510099B156 = {
			isa = PBXGroup;
			children = (
				23FB84A5242FD1510099B156 /* cjplay */,
				23FB84A4242FD1510099B156 /* Products */,
			);
			sourceTree = "<group>";
		};
		23FB84A4242FD1510099B156 /* Products */ = {
			isa = PBXGroup;
			children = (
				23FB84A3242FD1510099B156 /* cjplay.app */,
			);
			name = Products;
			sourceTree = "<group>";
		};
		23FB84A5242FD1510099B156 /* cjplay */ = {
			isa = PBXGroup;
			children = (
				2376BB7B2442365400E0FD5D /* Views */,
				23FB84A6242FD1510099B156 /* AppDelegate.swift */,
				23FB84A8242FD1510099B156 /* SceneDelegate.swift */,
				23FB84BE24300D5C0099B156 /* Notes.xcdatamodeld */,
				23FB84CE243929970099B156 /* Note.swift */,
				23FB84C424303CAE0099B156 /* CJState.swift */,
				23FB84AC242FD1550099B156 /* Assets.xcassets */,
				23FB84B1242FD1550099B156 /* LaunchScreen.storyboard */,
				23FB84B4242FD1550099B156 /* Info.plist */,
				23FB84AE242FD1550099B156 /* Preview Content */,
				2382F7752443886F00966806 /* Config.swift */,
				235B16CB25C9D80900526FA3 /* KeyboardHeightHelper.swift */,
			);
			path = cjplay;
			sourceTree = "<group>";
		};
		23FB84AE242FD1550099B156 /* Preview Content */ = {
			isa = PBXGroup;
			children = (
				23FB84AF242FD1550099B156 /* Preview Assets.xcassets */,
			);
			path = "Preview Content";
			sourceTree = "<group>";
		};
/* End PBXGroup section */

/* Begin PBXNativeTarget section */
		23FB84A2242FD1510099B156 /* cjplay */ = {
			isa = PBXNativeTarget;
			buildConfigurationList = 23FB84B7242FD1550099B156 /* Build configuration list for PBXNativeTarget "cjplay" */;
			buildPhases = (
				23FB849F242FD1510099B156 /* Sources */,
				23FB84A0242FD1510099B156 /* Frameworks */,
				23FB84A1242FD1510099B156 /* Resources */,
			);
			buildRules = (
			);
			dependencies = (
			);
			name = cjplay;
			packageProductDependencies = (
				BBC9A0CB24FAED8600ACDB9D /* Streamable */,
			);
			productName = cjplay;
			productReference = 23FB84A3242FD1510099B156 /* cjplay.app */;
			productType = "com.apple.product-type.application";
		};
/* End PBXNativeTarget section */

/* Begin PBXProject section */
		23FB849B242FD1510099B156 /* Project object */ = {
			isa = PBXProject;
			attributes = {
				LastSwiftUpdateCheck = 1140;
				LastUpgradeCheck = 1200;
				ORGANIZATIONNAME = "CJ Pais";
				TargetAttributes = {
					23FB84A2242FD1510099B156 = {
						CreatedOnToolsVersion = 11.4;
					};
				};
			};
			buildConfigurationList = 23FB849E242FD1510099B156 /* Build configuration list for PBXProject "cjplay" */;
			compatibilityVersion = "Xcode 9.3";
			developmentRegion = en;
			hasScannedForEncodings = 0;
			knownRegions = (
				en,
				Base,
			);
			mainGroup = 23FB849A242FD1510099B156;
			packageReferences = (
				BBC9A0CA24FAED8600ACDB9D /* XCRemoteSwiftPackageReference "Streamable" */,
			);
			productRefGroup = 23FB84A4242FD1510099B156 /* Products */;
			projectDirPath = "";
			projectRoot = "";
			targets = (
				23FB84A2242FD1510099B156 /* cjplay */,
			);
		};
/* End PBXProject section */

/* Begin PBXResourcesBuildPhase section */
		23FB84A1242FD1510099B156 /* Resources */ = {
			isa = PBXResourcesBuildPhase;
			buildActionMask = 2147483647;
			files = (
				23FB84B3242FD1550099B156 /* LaunchScreen.storyboard in Resources */,
				23FB84B0242FD1550099B156 /* Preview Assets.xcassets in Resources */,
				23FB84AD242FD1550099B156 /* Assets.xcassets in Resources */,
			);
			runOnlyForDeploymentPostprocessing = 0;
		};
/* End PBXResourcesBuildPhase section */

/* Begin PBXSourcesBuildPhase section */
		23FB849F242FD1510099B156 /* Sources */ = {
			isa = PBXSourcesBuildPhase;
			buildActionMask = 2147483647;
			files = (
				23FB84CD243912630099B156 /* DateDividerView.swift in Sources */,
				23FB84C024300D5D0099B156 /* Notes.xcdatamodeld in Sources */,
				23FB84A7242FD1510099B156 /* AppDelegate.swift in Sources */,
				2376BB7E2442371D00E0FD5D /* ViewExtensions.swift in Sources */,
				23FB84C524303CAE0099B156 /* CJState.swift in Sources */,
				BB4B90A924AA74CE008EF8F3 /* MessageView.swift in Sources */,
				23FB84C7243909660099B156 /* TextView.swift in Sources */,
				235B16CF25C9D94700526FA3 /* BaseView.swift in Sources */,
				23FB84A9242FD1510099B156 /* SceneDelegate.swift in Sources */,
				2376BB862442406000E0FD5D /* DateExtensions.swift in Sources */,
				23FB84BB242FD1950099B156 /* ConversationInputView.swift in Sources */,
				BBEE9F2A24ABBE9900ACA981 /* KeyboardAwareModifier.swift in Sources */,
				23FB84CF243929970099B156 /* Note.swift in Sources */,
				23FB84C924390BC90099B156 /* MessagesView.swift in Sources */,
				23FB84AB242FD1510099B156 /* ConversationView.swift in Sources */,
				2382F7742442A26B00966806 /* CommandPaletteView.swift in Sources */,
				2382F7762443887000966806 /* Config.swift in Sources */,
				235B16CC25C9D80900526FA3 /* KeyboardHeightHelper.swift in Sources */,
				2376BB802442390600E0FD5D /* TestView.swift in Sources */,
				23FB84CB24390BF80099B156 /* NoteView.swift in Sources */,
			);
			runOnlyForDeploymentPostprocessing = 0;
		};
/* End PBXSourcesBuildPhase section */

/* Begin PBXVariantGroup section */
		23FB84B1242FD1550099B156 /* LaunchScreen.storyboard */ = {
			isa = PBXVariantGroup;
			children = (
				23FB84B2242FD1550099B156 /* Base */,
			);
			name = LaunchScreen.storyboard;
			sourceTree = "<group>";
		};
/* End PBXVariantGroup section */

/* Begin XCBuildConfiguration section */
		23FB84B5242FD1550099B156 /* Debug */ = {
			isa = XCBuildConfiguration;
			buildSettings = {
				ALWAYS_SEARCH_USER_PATHS = NO;
				CLANG_ANALYZER_NONNULL = YES;
				CLANG_ANALYZER_NUMBER_OBJECT_CONVERSION = YES_AGGRESSIVE;
				CLANG_CXX_LANGUAGE_STANDARD = "gnu++14";
				CLANG_CXX_LIBRARY = "libc++";
				CLANG_ENABLE_MODULES = YES;
				CLANG_ENABLE_OBJC_ARC = YES;
				CLANG_ENABLE_OBJC_WEAK = YES;
				CLANG_WARN_BLOCK_CAPTURE_AUTORELEASING = YES;
				CLANG_WARN_BOOL_CONVERSION = YES;
				CLANG_WARN_COMMA = YES;
				CLANG_WARN_CONSTANT_CONVERSION = YES;
				CLANG_WARN_DEPRECATED_OBJC_IMPLEMENTATIONS = YES;
				CLANG_WARN_DIRECT_OBJC_ISA_USAGE = YES_ERROR;
				CLANG_WARN_DOCUMENTATION_COMMENTS = YES;
				CLANG_WARN_EMPTY_BODY = YES;
				CLANG_WARN_ENUM_CONVERSION = YES;
				CLANG_WARN_INFINITE_RECURSION = YES;
				CLANG_WARN_INT_CONVERSION = YES;
				CLANG_WARN_NON_LITERAL_NULL_CONVERSION = YES;
				CLANG_WARN_OBJC_IMPLICIT_RETAIN_SELF = YES;
				CLANG_WARN_OBJC_LITERAL_CONVERSION = YES;
				CLANG_WARN_OBJC_ROOT_CLASS = YES_ERROR;
				CLANG_WARN_QUOTED_INCLUDE_IN_FRAMEWORK_HEADER = YES;
				CLANG_WARN_RANGE_LOOP_ANALYSIS = YES;
				CLANG_WARN_STRICT_PROTOTYPES = YES;
				CLANG_WARN_SUSPICIOUS_MOVE = YES;
				CLANG_WARN_UNGUARDED_AVAILABILITY = YES_AGGRESSIVE;
				CLANG_WARN_UNREACHABLE_CODE = YES;
				CLANG_WARN__DUPLICATE_METHOD_MATCH = YES;
				COPY_PHASE_STRIP = NO;
				DEBUG_INFORMATION_FORMAT = dwarf;
				ENABLE_STRICT_OBJC_MSGSEND = YES;
				ENABLE_TESTABILITY = YES;
				GCC_C_LANGUAGE_STANDARD = gnu11;
				GCC_DYNAMIC_NO_PIC = NO;
				GCC_NO_COMMON_BLOCKS = YES;
				GCC_OPTIMIZATION_LEVEL = 0;
				GCC_PREPROCESSOR_DEFINITIONS = (
					"DEBUG=1",
					"$(inherited)",
				);
				GCC_WARN_64_TO_32_BIT_CONVERSION = YES;
				GCC_WARN_ABOUT_RETURN_TYPE = YES_ERROR;
				GCC_WARN_UNDECLARED_SELECTOR = YES;
				GCC_WARN_UNINITIALIZED_AUTOS = YES_AGGRESSIVE;
				GCC_WARN_UNUSED_FUNCTION = YES;
				GCC_WARN_UNUSED_VARIABLE = YES;
				IPHONEOS_DEPLOYMENT_TARGET = 14.0;
				MTL_ENABLE_DEBUG_INFO = INCLUDE_SOURCE;
				MTL_FAST_MATH = YES;
				ONLY_ACTIVE_ARCH = YES;
				SDKROOT = iphoneos;
				SWIFT_ACTIVE_COMPILATION_CONDITIONS = DEBUG;
				SWIFT_OPTIMIZATION_LEVEL = "-Onone";
			};
			name = Debug;
		};
		23FB84B6242FD1550099B156 /* Release */ = {
			isa = XCBuildConfiguration;
			buildSettings = {
				ALWAYS_SEARCH_USER_PATHS = NO;
				CLANG_ANALYZER_NONNULL = YES;
				CLANG_ANALYZER_NUMBER_OBJECT_CONVERSION = YES_AGGRESSIVE;
				CLANG_CXX_LANGUAGE_STANDARD = "gnu++14";
				CLANG_CXX_LIBRARY = "libc++";
				CLANG_ENABLE_MODULES = YES;
				CLANG_ENABLE_OBJC_ARC = YES;
				CLANG_ENABLE_OBJC_WEAK = YES;
				CLANG_WARN_BLOCK_CAPTURE_AUTORELEASING = YES;
				CLANG_WARN_BOOL_CONVERSION = YES;
				CLANG_WARN_COMMA = YES;
				CLANG_WARN_CONSTANT_CONVERSION = YES;
				CLANG_WARN_DEPRECATED_OBJC_IMPLEMENTATIONS = YES;
				CLANG_WARN_DIRECT_OBJC_ISA_USAGE = YES_ERROR;
				CLANG_WARN_DOCUMENTATION_COMMENTS = YES;
				CLANG_WARN_EMPTY_BODY = YES;
				CLANG_WARN_ENUM_CONVERSION = YES;
				CLANG_WARN_INFINITE_RECURSION = YES;
				CLANG_WARN_INT_CONVERSION = YES;
				CLANG_WARN_NON_LITERAL_NULL_CONVERSION = YES;
				CLANG_WARN_OBJC_IMPLICIT_RETAIN_SELF = YES;
				CLANG_WARN_OBJC_LITERAL_CONVERSION = YES;
				CLANG_WARN_OBJC_ROOT_CLASS = YES_ERROR;
				CLANG_WARN_QUOTED_INCLUDE_IN_FRAMEWORK_HEADER = YES;
				CLANG_WARN_RANGE_LOOP_ANALYSIS = YES;
				CLANG_WARN_STRICT_PROTOTYPES = YES;
				CLANG_WARN_SUSPICIOUS_MOVE = YES;
				CLANG_WARN_UNGUARDED_AVAILABILITY = YES_AGGRESSIVE;
				CLANG_WARN_UNREACHABLE_CODE = YES;
				CLANG_WARN__DUPLICATE_METHOD_MATCH = YES;
				COPY_PHASE_STRIP = NO;
				DEBUG_INFORMATION_FORMAT = "dwarf-with-dsym";
				ENABLE_NS_ASSERTIONS = NO;
				ENABLE_STRICT_OBJC_MSGSEND = YES;
				GCC_C_LANGUAGE_STANDARD = gnu11;
				GCC_NO_COMMON_BLOCKS = YES;
				GCC_WARN_64_TO_32_BIT_CONVERSION = YES;
				GCC_WARN_ABOUT_RETURN_TYPE = YES_ERROR;
				GCC_WARN_UNDECLARED_SELECTOR = YES;
				GCC_WARN_UNINITIALIZED_AUTOS = YES_AGGRESSIVE;
				GCC_WARN_UNUSED_FUNCTION = YES;
				GCC_WARN_UNUSED_VARIABLE = YES;
				IPHONEOS_DEPLOYMENT_TARGET = 14.0;
				MTL_ENABLE_DEBUG_INFO = NO;
				MTL_FAST_MATH = YES;
				SDKROOT = iphoneos;
				SWIFT_COMPILATION_MODE = wholemodule;
				SWIFT_OPTIMIZATION_LEVEL = "-O";
				VALIDATE_PRODUCT = YES;
			};
			name = Release;
		};
		23FB84B8242FD1550099B156 /* Debug */ = {
			isa = XCBuildConfiguration;
			buildSettings = {
				ASSETCATALOG_COMPILER_APPICON_NAME = AppIcon;
				CODE_SIGN_ENTITLEMENTS = cjplay/cjplay.entitlements;
				CODE_SIGN_STYLE = Automatic;
				DEVELOPMENT_ASSET_PATHS = "\"cjplay/Preview Content\"";
				DEVELOPMENT_TEAM = UWFLB4GC25;
				ENABLE_PREVIEWS = YES;
				INFOPLIST_FILE = cjplay/Info.plist;
				LD_RUNPATH_SEARCH_PATHS = (
					"$(inherited)",
					"@executable_path/Frameworks",
				);
				PRODUCT_BUNDLE_IDENTIFIER = com.pais.cjplay;
				PRODUCT_NAME = "$(TARGET_NAME)";
				SWIFT_VERSION = 5.0;
				TARGETED_DEVICE_FAMILY = "1,2";
			};
			name = Debug;
		};
		23FB84B9242FD1550099B156 /* Release */ = {
			isa = XCBuildConfiguration;
			buildSettings = {
				ASSETCATALOG_COMPILER_APPICON_NAME = AppIcon;
				CODE_SIGN_ENTITLEMENTS = cjplay/cjplay.entitlements;
				CODE_SIGN_STYLE = Automatic;
				DEVELOPMENT_ASSET_PATHS = "\"cjplay/Preview Content\"";
				DEVELOPMENT_TEAM = UWFLB4GC25;
				ENABLE_PREVIEWS = YES;
				INFOPLIST_FILE = cjplay/Info.plist;
				LD_RUNPATH_SEARCH_PATHS = (
					"$(inherited)",
					"@executable_path/Frameworks",
				);
				PRODUCT_BUNDLE_IDENTIFIER = com.pais.cjplay;
				PRODUCT_NAME = "$(TARGET_NAME)";
				SWIFT_VERSION = 5.0;
				TARGETED_DEVICE_FAMILY = "1,2";
			};
			name = Release;
		};
/* End XCBuildConfiguration section */

/* Begin XCConfigurationList section */
		23FB849E242FD1510099B156 /* Build configuration list for PBXProject "cjplay" */ = {
			isa = XCConfigurationList;
			buildConfigurations = (
				23FB84B5242FD1550099B156 /* Debug */,
				23FB84B6242FD1550099B156 /* Release */,
			);
			defaultConfigurationIsVisible = 0;
			defaultConfigurationName = Release;
		};
		23FB84B7242FD1550099B156 /* Build configuration list for PBXNativeTarget "cjplay" */ = {
			isa = XCConfigurationList;
			buildConfigurations = (
				23FB84B8242FD1550099B156 /* Debug */,
				23FB84B9242FD1550099B156 /* Release */,
			);
			defaultConfigurationIsVisible = 0;
			defaultConfigurationName = Release;
		};
/* End XCConfigurationList section */

/* Begin XCRemoteSwiftPackageReference section */
		BBC9A0CA24FAED8600ACDB9D /* XCRemoteSwiftPackageReference "Streamable" */ = {
			isa = XCRemoteSwiftPackageReference;
			repositoryURL = "git@github.com:cjpais/Streamable.git";
			requirement = {
				branch = main;
				kind = branch;
			};
		};
/* End XCRemoteSwiftPackageReference section */

/* Begin XCSwiftPackageProductDependency section */
		BBC9A0CB24FAED8600ACDB9D /* Streamable */ = {
			isa = XCSwiftPackageProductDependency;
			package = BBC9A0CA24FAED8600ACDB9D /* XCRemoteSwiftPackageReference "Streamable" */;
			productName = Streamable;
		};
/* End XCSwiftPackageProductDependency section */

/* Begin XCVersionGroup section */
		23FB84BE24300D5C0099B156 /* Notes.xcdatamodeld */ = {
			isa = XCVersionGroup;
			children = (
				23FB84BF24300D5D0099B156 /* Notes.xcdatamodel */,
			);
			currentVersion = 23FB84BF24300D5D0099B156 /* Notes.xcdatamodel */;
			path = Notes.xcdatamodeld;
			sourceTree = "<group>";
			versionGroupType = wrapper.xcdatamodel;
		};
/* End XCVersionGroup section */
	};
	rootObject = 23FB849B242FD1510099B156 /* Project object */;
}
